
Microsoft Visual Studio Solution File, Format Version 12.00
# Visual Studio Version 16
VisualStudioVersion = 16.0.29411.108
MinimumVisualStudioVersion = 10.0.40219.1
Project("{FAE04EC0-301F-11D3-BF4B-00C04F79EFBC}") = "TodoListApp", "TodoListApp\TodoListApp.csproj", "{0F666241-B927-49C6-8563-BC75E8F66D47}"
EndProject
Global
	GlobalSection(SolutionConfigurationPlatforms) = preSolution
		Debug|Any CPU = Debug|Any CPU
		Release|Any CPU = Release|Any CPU
	EndGlobalSection
	GlobalSection(ProjectConfigurationPlatforms) = postSolution
		{0F666241-B927-49C6-8563-BC75E8F66D47}.Debug|Any CPU.ActiveCfg = Debug|Any CPU
		{0F666241-B927-49C6-8563-BC75E8F66D47}.Debug|Any CPU.Build.0 = Debug|Any CPU
		{0F666241-B927-49C6-8563-BC75E8F66D47}.Release|Any CPU.ActiveCfg = Release|Any CPU
		{0F666241-B927-49C6-8563-BC75E8F66D47}.Release|Any CPU.Build.0 = Release|Any CPU
	EndGlobalSection
	GlobalSection(SolutionProperties) = preSolution
		HideSolutionNode = FALSE
	EndGlobalSection
	GlobalSection(ExtensibilityGlobals) = postSolution
		SolutionGuid = {F8C59575-BAFC-4DCB-8D9A-7DB3A54F57DB}
	EndGlobalSection
EndGlobal
